
Microsoft Visual Studio Solution File, Format Version 12.00
# Visual Studio Version 17
VisualStudioVersion = 17.11.35312.102
MinimumVisualStudioVersion = 10.0.40219.1
Project("{FAE04EC0-301F-11D3-BF4B-00C04F79EFBC}") = "Employee and Customer system for CRM", "Employee and Customer system for CRM\Employee and Customer system for CRM.csproj", "{9BEB3BAE-55CC-4021-BB09-1FA6EC41EE07}"
EndProject
Global
	GlobalSection(SolutionConfigurationPlatforms) = preSolution
		Debug|Any CPU = Debug|Any CPU
		Release|Any CPU = Release|Any CPU
	EndGlobalSection
	GlobalSection(ProjectConfigurationPlatforms) = postSolution
		{9BEB3BAE-55CC-4021-BB09-1FA6EC41EE07}.Debug|Any CPU.ActiveCfg = Debug|Any CPU
		{9BEB3BAE-55CC-4021-BB09-1FA6EC41EE07}.Debug|Any CPU.Build.0 = Debug|Any CPU
		{9BEB3BAE-55CC-4021-BB09-1FA6EC41EE07}.Release|Any CPU.ActiveCfg = Release|Any CPU
		{9BEB3BAE-55CC-4021-BB09-1FA6EC41EE07}.Release|Any CPU.Build.0 = Release|Any CPU
	EndGlobalSection
	GlobalSection(SolutionProperties) = preSolution
		HideSolutionNode = FALSE
	EndGlobalSection
	GlobalSection(ExtensibilityGlobals) = postSolution
		SolutionGuid = {BB4CC6B7-7C01-480F-9FFC-3AB333B64845}
	EndGlobalSection
EndGlobal
